schema: '2.0'
stages:
  preprocess:
    cmd: python src/preprocess.py
    deps:
    - path: Data/Churn.csv
      hash: md5
      md5: 0f9de68e012bd3aed5fa7cdc9fc421af
      size: 977501
    - path: src/preprocess.py
      hash: md5
      md5: 0317cbc6f0547784ead78fa0110706e3
      size: 1386
    outs:
    - path: Data/processed/data.csv
      hash: md5
      md5: 68e604cb661af0c02a0f5338fbda60fe
      size: 340208
  segment:
    cmd: python src/segment.py
    deps:
    - path: data/processed/data.csv
      hash: md5
      md5: 68e604cb661af0c02a0f5338fbda60fe
      size: 340208
    - path: src/segment.py
      hash: md5
      md5: a82a2440899bbb274a6965bf732a53dd
      size: 1167
    outs:
    - path: data/segmented/segmented_data.csv
      hash: md5
      md5: deedf629be9d1f628f0e235fb839e635
      size: 394724
  train:
    cmd: python src/train_model.py
    deps:
    - path: data/segmented/segmented_data.csv
      hash: md5
      md5: deedf629be9d1f628f0e235fb839e635
      size: 394724
    - path: src/train_model.py
      hash: md5
      md5: be412e1938b8435825c3576152febc5b
      size: 1035
    outs:
    - path: data/test/X_test.csv
      hash: md5
      md5: 7c1b979b8972804f3c72389af93b2d4d
      size: 65393
    - path: data/test/y_test.csv
      hash: md5
      md5: 72929f3fd26b9a2d2f498d24bed869d2
      size: 2820
    - path: models/churn_model.pkl
      hash: md5
      md5: c3adefaf7c3d3d555b29903b28923996
      size: 163377
  evaluate:
    cmd: python src/evaluate_model.py
    deps:
    - path: data/test/X_test.csv
      hash: md5
      md5: 7c1b979b8972804f3c72389af93b2d4d
      size: 65393
    - path: data/test/y_test.csv
      hash: md5
      md5: 72929f3fd26b9a2d2f498d24bed869d2
      size: 2820
    - path: models/churn_model.pkl
      hash: md5
      md5: c3adefaf7c3d3d555b29903b28923996
      size: 163377
    - path: src/evaluate_model.py
      hash: md5
      md5: 6ea83218cb8e641467208727a0d5d88b
      size: 1332
    outs:
    - path: outputs/metrics.json
      hash: md5
      md5: 6b657ab3c9941e7096e5df398953a3ec
      size: 72
    - path: outputs/roc_curve.png
      hash: md5
      md5: a8f347cb8c3844a4df63640bb5893635
      size: 28272
